
Microsoft Visual Studio Solution File, Format Version 12.00
# Visual Studio Version 16
VisualStudioVersion = 16.0.30128.74
MinimumVisualStudioVersion = 10.0.40219.1
Project("{9A19103F-16F7-4668-BE54-9A1E7A4F7556}") = "Day01", "Day01\Day01.csproj", "{4A4222E6-453B-4D8E-B1C0-CE01A68D8F3E}"
EndProject
Project("{9A19103F-16F7-4668-BE54-9A1E7A4F7556}") = "Day02", "Day02\Day02.csproj", "{E91DF637-4EE5-4A73-80AC-80347C576475}"
EndProject
Project("{9A19103F-16F7-4668-BE54-9A1E7A4F7556}") = "Day03", "Day03\Day03.csproj", "{FB463EC0-BAE6-4662-B7F6-CE1E1E9DF417}"
EndProject
Project("{9A19103F-16F7-4668-BE54-9A1E7A4F7556}") = "Day04", "Day04\Day04.csproj", "{F974C459-8A9C-4F0A-B972-A008CD9FBFCF}"
EndProject
Project("{9A19103F-16F7-4668-BE54-9A1E7A4F7556}") = "Day05", "Day05\Day05.csproj", "{B0C897EC-8319-4835-BE7B-7ABE941B8FF5}"
EndProject
Project("{9A19103F-16F7-4668-BE54-9A1E7A4F7556}") = "Day06", "Day06\Day06.csproj", "{B7F55BE1-EDF4-4E3A-B5CE-08EB066A382B}"
EndProject
Project("{9A19103F-16F7-4668-BE54-9A1E7A4F7556}") = "Day07", "Day07\Day07.csproj", "{75849B52-A11C-4CEE-AAC1-127CA0A8BF62}"
EndProject
Project("{9A19103F-16F7-4668-BE54-9A1E7A4F7556}") = "Day08", "Day08\Day08.csproj", "{7C129B30-BE4D-4558-B333-A386E608E887}"
EndProject
Project("{9A19103F-16F7-4668-BE54-9A1E7A4F7556}") = "Day09", "Day09\Day09.csproj", "{A4110DF2-B925-48AA-AC3A-D9C81641D7DA}"
EndProject
Project("{9A19103F-16F7-4668-BE54-9A1E7A4F7556}") = "Day10", "Day10\Day10.csproj", "{F4F9170C-84DF-4133-81FC-2FD7DA80F4B5}"
EndProject
Project("{9A19103F-16F7-4668-BE54-9A1E7A4F7556}") = "Day11", "Day11\Day11.csproj", "{CA46965E-A460-4AD6-9810-97424A8AA959}"
EndProject
Project("{FAE04EC0-301F-11D3-BF4B-00C04F79EFBC}") = "Day12", "Day12\Day12.csproj", "{4712F1DB-6174-4F71-A629-462A78B03CC7}"
EndProject
Global
	GlobalSection(SolutionConfigurationPlatforms) = preSolution
		Debug|Any CPU = Debug|Any CPU
		Release|Any CPU = Release|Any CPU
	EndGlobalSection
	GlobalSection(ProjectConfigurationPlatforms) = postSolution
		{4A4222E6-453B-4D8E-B1C0-CE01A68D8F3E}.Debug|Any CPU.ActiveCfg = Debug|Any CPU
		{4A4222E6-453B-4D8E-B1C0-CE01A68D8F3E}.Debug|Any CPU.Build.0 = Debug|Any CPU
		{4A4222E6-453B-4D8E-B1C0-CE01A68D8F3E}.Release|Any CPU.ActiveCfg = Release|Any CPU
		{4A4222E6-453B-4D8E-B1C0-CE01A68D8F3E}.Release|Any CPU.Build.0 = Release|Any CPU
		{E91DF637-4EE5-4A73-80AC-80347C576475}.Debug|Any CPU.ActiveCfg = Debug|Any CPU
		{E91DF637-4EE5-4A73-80AC-80347C576475}.Debug|Any CPU.Build.0 = Debug|Any CPU
		{E91DF637-4EE5-4A73-80AC-80347C576475}.Release|Any CPU.ActiveCfg = Release|Any CPU
		{E91DF637-4EE5-4A73-80AC-80347C576475}.Release|Any CPU.Build.0 = Release|Any CPU
		{FB463EC0-BAE6-4662-B7F6-CE1E1E9DF417}.Debug|Any CPU.ActiveCfg = Debug|Any CPU
		{FB463EC0-BAE6-4662-B7F6-CE1E1E9DF417}.Debug|Any CPU.Build.0 = Debug|Any CPU
		{FB463EC0-BAE6-4662-B7F6-CE1E1E9DF417}.Release|Any CPU.ActiveCfg = Release|Any CPU
		{FB463EC0-BAE6-4662-B7F6-CE1E1E9DF417}.Release|Any CPU.Build.0 = Release|Any CPU
		{F974C459-8A9C-4F0A-B972-A008CD9FBFCF}.Debug|Any CPU.ActiveCfg = Debug|Any CPU
		{F974C459-8A9C-4F0A-B972-A008CD9FBFCF}.Debug|Any CPU.Build.0 = Debug|Any CPU
		{F974C459-8A9C-4F0A-B972-A008CD9FBFCF}.Release|Any CPU.ActiveCfg = Release|Any CPU
		{F974C459-8A9C-4F0A-B972-A008CD9FBFCF}.Release|Any CPU.Build.0 = Release|Any CPU
		{B0C897EC-8319-4835-BE7B-7ABE941B8FF5}.Debug|Any CPU.ActiveCfg = Debug|Any CPU
		{B0C897EC-8319-4835-BE7B-7ABE941B8FF5}.Debug|Any CPU.Build.0 = Debug|Any CPU
		{B0C897EC-8319-4835-BE7B-7ABE941B8FF5}.Release|Any CPU.ActiveCfg = Release|Any CPU
		{B0C897EC-8319-4835-BE7B-7ABE941B8FF5}.Release|Any CPU.Build.0 = Release|Any CPU
		{B7F55BE1-EDF4-4E3A-B5CE-08EB066A382B}.Debug|Any CPU.ActiveCfg = Debug|Any CPU
		{B7F55BE1-EDF4-4E3A-B5CE-08EB066A382B}.Debug|Any CPU.Build.0 = Debug|Any CPU
		{B7F55BE1-EDF4-4E3A-B5CE-08EB066A382B}.Release|Any CPU.ActiveCfg = Release|Any CPU
		{B7F55BE1-EDF4-4E3A-B5CE-08EB066A382B}.Release|Any CPU.Build.0 = Release|Any CPU
		{75849B52-A11C-4CEE-AAC1-127CA0A8BF62}.Debug|Any CPU.ActiveCfg = Debug|Any CPU
		{75849B52-A11C-4CEE-AAC1-127CA0A8BF62}.Debug|Any CPU.Build.0 = Debug|Any CPU
		{75849B52-A11C-4CEE-AAC1-127CA0A8BF62}.Release|Any CPU.ActiveCfg = Release|Any CPU
		{75849B52-A11C-4CEE-AAC1-127CA0A8BF62}.Release|Any CPU.Build.0 = Release|Any CPU
		{7C129B30-BE4D-4558-B333-A386E608E887}.Debug|Any CPU.ActiveCfg = Debug|Any CPU
		{7C129B30-BE4D-4558-B333-A386E608E887}.Debug|Any CPU.Build.0 = Debug|Any CPU
		{7C129B30-BE4D-4558-B333-A386E608E887}.Release|Any CPU.ActiveCfg = Release|Any CPU
		{7C129B30-BE4D-4558-B333-A386E608E887}.Release|Any CPU.Build.0 = Release|Any CPU
		{A4110DF2-B925-48AA-AC3A-D9C81641D7DA}.Debug|Any CPU.ActiveCfg = Debug|Any CPU
		{A4110DF2-B925-48AA-AC3A-D9C81641D7DA}.Debug|Any CPU.Build.0 = Debug|Any CPU
		{A4110DF2-B925-48AA-AC3A-D9C81641D7DA}.Release|Any CPU.ActiveCfg = Release|Any CPU
		{A4110DF2-B925-48AA-AC3A-D9C81641D7DA}.Release|Any CPU.Build.0 = Release|Any CPU
		{F4F9170C-84DF-4133-81FC-2FD7DA80F4B5}.Debug|Any CPU.ActiveCfg = Debug|Any CPU
		{F4F9170C-84DF-4133-81FC-2FD7DA80F4B5}.Debug|Any CPU.Build.0 = Debug|Any CPU
		{F4F9170C-84DF-4133-81FC-2FD7DA80F4B5}.Release|Any CPU.ActiveCfg = Release|Any CPU
		{F4F9170C-84DF-4133-81FC-2FD7DA80F4B5}.Release|Any CPU.Build.0 = Release|Any CPU
		{CA46965E-A460-4AD6-9810-97424A8AA959}.Debug|Any CPU.ActiveCfg = Debug|Any CPU
		{CA46965E-A460-4AD6-9810-97424A8AA959}.Debug|Any CPU.Build.0 = Debug|Any CPU
		{CA46965E-A460-4AD6-9810-97424A8AA959}.Release|Any CPU.ActiveCfg = Release|Any CPU
		{CA46965E-A460-4AD6-9810-97424A8AA959}.Release|Any CPU.Build.0 = Release|Any CPU
		{4712F1DB-6174-4F71-A629-462A78B03CC7}.Debug|Any CPU.ActiveCfg = Debug|Any CPU
		{4712F1DB-6174-4F71-A629-462A78B03CC7}.Debug|Any CPU.Build.0 = Debug|Any CPU
		{4712F1DB-6174-4F71-A629-462A78B03CC7}.Release|Any CPU.ActiveCfg = Release|Any CPU
		{4712F1DB-6174-4F71-A629-462A78B03CC7}.Release|Any CPU.Build.0 = Release|Any CPU
	EndGlobalSection
	GlobalSection(SolutionProperties) = preSolution
		HideSolutionNode = FALSE
	EndGlobalSection
	GlobalSection(ExtensibilityGlobals) = postSolution
		SolutionGuid = {5C45B7C8-5CB6-4F30-ADAD-2C97F7B989BA}
	EndGlobalSection
EndGlobal
